github.com/edufe/sqlfmt v0.0.0-20191221211249-d576133216e1 h1:fQygjB87iyT0aLyNuUqBJ6/Y3Colhk0MY9h+NuE2Adk=
github.com/edufe/sqlfmt v0.0.0-20191221211249-d576133216e1/go.mod h1:byDwL4XQdVfkL2QPMCPHSepEVc+24JLs+gfeVQq87Xg=
github.com/jackc/sqlfmt v0.1.0 h1:LaNror7gEwqmjlpp3GBiXlWMNAd/ZpHHu52cQxL8Bqo=
github.com/jackc/sqlfmt v0.1.0/go.mod h1:wOaiuxII7hJU/SWEstGIN8n0/4oH8xJF4B3e8t4AZy4=
